
Microsoft Visual Studio Solution File, Format Version 12.00
# Visual Studio Version 17
VisualStudioVersion = 17.10.35201.131
MinimumVisualStudioVersion = 10.0.40219.1
Project("{9A19103F-16F7-4668-BE54-9A1E7A4F7556}") = "NetFundamentanlsConsole", "NetFundamentanlsConsole\NetFundamentanlsConsole.csproj", "{A50B250A-4DB4-45E3-8BC3-C46C411E060E}"
EndProject
Project("{FAE04EC0-301F-11D3-BF4B-00C04F79EFBC}") = "NetFundamentalsForms", "NetFundamentalsForms\NetFundamentalsForms.csproj", "{481001FB-FE29-4A16-B0A3-CA9A68B8FCA8}"
EndProject
Project("{FAE04EC0-301F-11D3-BF4B-00C04F79EFBC}") = "NetFundamentalsStandardLibrary", "NetFundamentalsStandardLibrary\NetFundamentalsStandardLibrary.csproj", "{F8ACBBDA-3DAA-41B3-8FC1-3A610C39282C}"
EndProject
Global
	GlobalSection(SolutionConfigurationPlatforms) = preSolution
		Debug|Any CPU = Debug|Any CPU
		Release|Any CPU = Release|Any CPU
	EndGlobalSection
	GlobalSection(ProjectConfigurationPlatforms) = postSolution
		{A50B250A-4DB4-45E3-8BC3-C46C411E060E}.Debug|Any CPU.ActiveCfg = Debug|Any CPU
		{A50B250A-4DB4-45E3-8BC3-C46C411E060E}.Debug|Any CPU.Build.0 = Debug|Any CPU
		{A50B250A-4DB4-45E3-8BC3-C46C411E060E}.Release|Any CPU.ActiveCfg = Release|Any CPU
		{A50B250A-4DB4-45E3-8BC3-C46C411E060E}.Release|Any CPU.Build.0 = Release|Any CPU
		{481001FB-FE29-4A16-B0A3-CA9A68B8FCA8}.Debug|Any CPU.ActiveCfg = Debug|Any CPU
		{481001FB-FE29-4A16-B0A3-CA9A68B8FCA8}.Debug|Any CPU.Build.0 = Debug|Any CPU
		{481001FB-FE29-4A16-B0A3-CA9A68B8FCA8}.Release|Any CPU.ActiveCfg = Release|Any CPU
		{481001FB-FE29-4A16-B0A3-CA9A68B8FCA8}.Release|Any CPU.Build.0 = Release|Any CPU
		{F8ACBBDA-3DAA-41B3-8FC1-3A610C39282C}.Debug|Any CPU.ActiveCfg = Debug|Any CPU
		{F8ACBBDA-3DAA-41B3-8FC1-3A610C39282C}.Debug|Any CPU.Build.0 = Debug|Any CPU
		{F8ACBBDA-3DAA-41B3-8FC1-3A610C39282C}.Release|Any CPU.ActiveCfg = Release|Any CPU
		{F8ACBBDA-3DAA-41B3-8FC1-3A610C39282C}.Release|Any CPU.Build.0 = Release|Any CPU
	EndGlobalSection
	GlobalSection(SolutionProperties) = preSolution
		HideSolutionNode = FALSE
	EndGlobalSection
	GlobalSection(ExtensibilityGlobals) = postSolution
		SolutionGuid = {4D194165-3285-4D6E-9589-780DC6A1E847}
	EndGlobalSection
EndGlobal
